
Microsoft Visual Studio Solution File, Format Version 12.00
# Visual Studio Version 17
VisualStudioVersion = 17.8.34322.80
MinimumVisualStudioVersion = 10.0.40219.1
Project("{9A19103F-16F7-4668-BE54-9A1E7A4F7556}") = "BioGTK", "BioGTK.csproj", "{DA54E707-399A-4FE3-8AC8-FAD9834FAA9F}"
EndProject
Project("{9A19103F-16F7-4668-BE54-9A1E7A4F7556}") = "BioGTKApp", "..\BioGTKApp\BioGTKApp\BioGTKApp\BioGTKApp.csproj", "{801F7535-D991-4B84-A897-9C21FE1BC53A}"
EndProject
Project("{9A19103F-16F7-4668-BE54-9A1E7A4F7556}") = "BioLib", "..\BioLib\BioLib.csproj", "{E8A776CD-1B98-4B6D-9E60-71B11D3FD7EC}"
EndProject
Global
	GlobalSection(SolutionConfigurationPlatforms) = preSolution
		Debug|Any CPU = Debug|Any CPU
		Debug|ARM64 = Debug|ARM64
		Debug|x64 = Debug|x64
		Release|Any CPU = Release|Any CPU
		Release|ARM64 = Release|ARM64
		Release|x64 = Release|x64
	EndGlobalSection
	GlobalSection(ProjectConfigurationPlatforms) = postSolution
		{DA54E707-399A-4FE3-8AC8-FAD9834FAA9F}.Debug|Any CPU.ActiveCfg = Debug|Any CPU
		{DA54E707-399A-4FE3-8AC8-FAD9834FAA9F}.Debug|Any CPU.Build.0 = Debug|Any CPU
		{DA54E707-399A-4FE3-8AC8-FAD9834FAA9F}.Debug|ARM64.ActiveCfg = Debug|Any CPU
		{DA54E707-399A-4FE3-8AC8-FAD9834FAA9F}.Debug|ARM64.Build.0 = Debug|Any CPU
		{DA54E707-399A-4FE3-8AC8-FAD9834FAA9F}.Debug|x64.ActiveCfg = Debug|x64
		{DA54E707-399A-4FE3-8AC8-FAD9834FAA9F}.Debug|x64.Build.0 = Debug|x64
		{DA54E707-399A-4FE3-8AC8-FAD9834FAA9F}.Release|Any CPU.ActiveCfg = Release|Any CPU
		{DA54E707-399A-4FE3-8AC8-FAD9834FAA9F}.Release|Any CPU.Build.0 = Release|Any CPU
		{DA54E707-399A-4FE3-8AC8-FAD9834FAA9F}.Release|ARM64.ActiveCfg = Release|Any CPU
		{DA54E707-399A-4FE3-8AC8-FAD9834FAA9F}.Release|ARM64.Build.0 = Release|Any CPU
		{DA54E707-399A-4FE3-8AC8-FAD9834FAA9F}.Release|x64.ActiveCfg = Release|x64
		{DA54E707-399A-4FE3-8AC8-FAD9834FAA9F}.Release|x64.Build.0 = Release|x64
		{801F7535-D991-4B84-A897-9C21FE1BC53A}.Debug|Any CPU.ActiveCfg = Debug|Any CPU
		{801F7535-D991-4B84-A897-9C21FE1BC53A}.Debug|Any CPU.Build.0 = Debug|Any CPU
		{801F7535-D991-4B84-A897-9C21FE1BC53A}.Debug|ARM64.ActiveCfg = Debug|ARM64
		{801F7535-D991-4B84-A897-9C21FE1BC53A}.Debug|ARM64.Build.0 = Debug|ARM64
		{801F7535-D991-4B84-A897-9C21FE1BC53A}.Debug|x64.ActiveCfg = Debug|x64
		{801F7535-D991-4B84-A897-9C21FE1BC53A}.Debug|x64.Build.0 = Debug|x64
		{801F7535-D991-4B84-A897-9C21FE1BC53A}.Release|Any CPU.ActiveCfg = Release|Any CPU
		{801F7535-D991-4B84-A897-9C21FE1BC53A}.Release|Any CPU.Build.0 = Release|Any CPU
		{801F7535-D991-4B84-A897-9C21FE1BC53A}.Release|ARM64.ActiveCfg = Release|ARM64
		{801F7535-D991-4B84-A897-9C21FE1BC53A}.Release|ARM64.Build.0 = Release|ARM64
		{801F7535-D991-4B84-A897-9C21FE1BC53A}.Release|x64.ActiveCfg = Release|x64
		{801F7535-D991-4B84-A897-9C21FE1BC53A}.Release|x64.Build.0 = Release|x64
		{E8A776CD-1B98-4B6D-9E60-71B11D3FD7EC}.Debug|Any CPU.ActiveCfg = Debug|Any CPU
		{E8A776CD-1B98-4B6D-9E60-71B11D3FD7EC}.Debug|Any CPU.Build.0 = Debug|Any CPU
		{E8A776CD-1B98-4B6D-9E60-71B11D3FD7EC}.Debug|ARM64.ActiveCfg = Debug|Any CPU
		{E8A776CD-1B98-4B6D-9E60-71B11D3FD7EC}.Debug|ARM64.Build.0 = Debug|Any CPU
		{E8A776CD-1B98-4B6D-9E60-71B11D3FD7EC}.Debug|x64.ActiveCfg = Debug|x64
		{E8A776CD-1B98-4B6D-9E60-71B11D3FD7EC}.Debug|x64.Build.0 = Debug|x64
		{E8A776CD-1B98-4B6D-9E60-71B11D3FD7EC}.Release|Any CPU.ActiveCfg = Release|Any CPU
		{E8A776CD-1B98-4B6D-9E60-71B11D3FD7EC}.Release|Any CPU.Build.0 = Release|Any CPU
		{E8A776CD-1B98-4B6D-9E60-71B11D3FD7EC}.Release|ARM64.ActiveCfg = Release|Any CPU
		{E8A776CD-1B98-4B6D-9E60-71B11D3FD7EC}.Release|ARM64.Build.0 = Release|Any CPU
		{E8A776CD-1B98-4B6D-9E60-71B11D3FD7EC}.Release|x64.ActiveCfg = Release|x64
		{E8A776CD-1B98-4B6D-9E60-71B11D3FD7EC}.Release|x64.Build.0 = Release|x64
	EndGlobalSection
	GlobalSection(SolutionProperties) = preSolution
		HideSolutionNode = FALSE
	EndGlobalSection
	GlobalSection(ExtensibilityGlobals) = postSolution
		SolutionGuid = {297E7E5A-8C2F-47DF-B380-0EF04D02E913}
	EndGlobalSection
EndGlobal
