
Microsoft Visual Studio Solution File, Format Version 12.00
# Visual Studio Version 18
VisualStudioVersion = 18.0.11217.181
MinimumVisualStudioVersion = 10.0.40219.1
Project("{FAE04EC0-301F-11D3-BF4B-00C04F79EFBC}") = "BioGTK", "BioGTK.csproj", "{B80D9A43-3E38-0CC8-6E6A-49BEF9960942}"
EndProject
Project("{FAE04EC0-301F-11D3-BF4B-00C04F79EFBC}") = "OpenSlideGTK", "..\OpenSlideSharp\src\OpenSlideSharp\OpenSlideGTK.csproj", "{60E83238-49CB-6056-0B49-37B6D538DD9D}"
EndProject
Project("{FAE04EC0-301F-11D3-BF4B-00C04F79EFBC}") = "BioLib", "..\BioLib\BioLib.csproj", "{85B5C855-B1F8-120F-C7AC-8A83E76B9C88}"
EndProject
Project("{FAE04EC0-301F-11D3-BF4B-00C04F79EFBC}") = "AForgeBio", "..\AForgeBio\AForgeBio.csproj", "{9A4038F2-4C93-6089-FFF3-C1719E5B76AB}"
EndProject
Project("{FAE04EC0-301F-11D3-BF4B-00C04F79EFBC}") = "BioGTKApp", "..\BioGTKApp\BioGTKApp\BioGTKApp\BioGTKApp.csproj", "{21E8CCAE-2802-8C17-2CF7-E384A738A860}"
EndProject
Global
	GlobalSection(SolutionConfigurationPlatforms) = preSolution
		Debug|Any CPU = Debug|Any CPU
		Release|Any CPU = Release|Any CPU
	EndGlobalSection
	GlobalSection(ProjectConfigurationPlatforms) = postSolution
		{B80D9A43-3E38-0CC8-6E6A-49BEF9960942}.Debug|Any CPU.ActiveCfg = Debug|Any CPU
		{B80D9A43-3E38-0CC8-6E6A-49BEF9960942}.Debug|Any CPU.Build.0 = Debug|Any CPU
		{B80D9A43-3E38-0CC8-6E6A-49BEF9960942}.Release|Any CPU.ActiveCfg = Release|Any CPU
		{B80D9A43-3E38-0CC8-6E6A-49BEF9960942}.Release|Any CPU.Build.0 = Release|Any CPU
		{60E83238-49CB-6056-0B49-37B6D538DD9D}.Debug|Any CPU.ActiveCfg = Debug|Any CPU
		{60E83238-49CB-6056-0B49-37B6D538DD9D}.Debug|Any CPU.Build.0 = Debug|Any CPU
		{60E83238-49CB-6056-0B49-37B6D538DD9D}.Release|Any CPU.ActiveCfg = Release|Any CPU
		{60E83238-49CB-6056-0B49-37B6D538DD9D}.Release|Any CPU.Build.0 = Release|Any CPU
		{85B5C855-B1F8-120F-C7AC-8A83E76B9C88}.Debug|Any CPU.ActiveCfg = Debug|Any CPU
		{85B5C855-B1F8-120F-C7AC-8A83E76B9C88}.Debug|Any CPU.Build.0 = Debug|Any CPU
		{85B5C855-B1F8-120F-C7AC-8A83E76B9C88}.Release|Any CPU.ActiveCfg = Release|Any CPU
		{85B5C855-B1F8-120F-C7AC-8A83E76B9C88}.Release|Any CPU.Build.0 = Release|Any CPU
		{9A4038F2-4C93-6089-FFF3-C1719E5B76AB}.Debug|Any CPU.ActiveCfg = Debug|Any CPU
		{9A4038F2-4C93-6089-FFF3-C1719E5B76AB}.Debug|Any CPU.Build.0 = Debug|Any CPU
		{9A4038F2-4C93-6089-FFF3-C1719E5B76AB}.Release|Any CPU.ActiveCfg = Release|Any CPU
		{9A4038F2-4C93-6089-FFF3-C1719E5B76AB}.Release|Any CPU.Build.0 = Release|Any CPU
		{21E8CCAE-2802-8C17-2CF7-E384A738A860}.Debug|Any CPU.ActiveCfg = Debug|Any CPU
		{21E8CCAE-2802-8C17-2CF7-E384A738A860}.Debug|Any CPU.Build.0 = Debug|Any CPU
		{21E8CCAE-2802-8C17-2CF7-E384A738A860}.Release|Any CPU.ActiveCfg = Release|Any CPU
		{21E8CCAE-2802-8C17-2CF7-E384A738A860}.Release|Any CPU.Build.0 = Release|Any CPU
	EndGlobalSection
	GlobalSection(SolutionProperties) = preSolution
		HideSolutionNode = FALSE
	EndGlobalSection
	GlobalSection(ExtensibilityGlobals) = postSolution
		SolutionGuid = {EDDD9F3A-01BB-437C-A1D6-176B5B43D4BB}
	EndGlobalSection
EndGlobal
