
Microsoft Visual Studio Solution File, Format Version 12.00
# Visual Studio Version 18
VisualStudioVersion = 18.0.11217.181 d18.0
MinimumVisualStudioVersion = 10.0.40219.1
Project("{FAE04EC0-301F-11D3-BF4B-00C04F79EFBC}") = "BioGTK", "BioGTK.csproj", "{F1EB355D-93D5-4B99-23EF-C9F615D01BD2}"
EndProject
Project("{FAE04EC0-301F-11D3-BF4B-00C04F79EFBC}") = "BioLib", "..\..\BioLib\BioLib.csproj", "{9C3C491E-1FA5-65F8-8640-7E97C9AD71F9}"
EndProject
Project("{FAE04EC0-301F-11D3-BF4B-00C04F79EFBC}") = "OpenSlideGTK", "..\..\OpenSlideSharp\src\OpenSlideSharp\OpenSlideGTK.csproj", "{1B81BEA2-7B70-EE95-C174-8D5904B57ADA}"
EndProject
Project("{FAE04EC0-301F-11D3-BF4B-00C04F79EFBC}") = "BioGTKApp", "..\..\BioGTKApp\BioGTKApp\BioGTKApp\BioGTKApp.csproj", "{926B4CE2-1796-C180-AAA2-C8C777EF7E0A}"
EndProject
Project("{FAE04EC0-301F-11D3-BF4B-00C04F79EFBC}") = "AForgeBio", "..\..\AForgeBio\AForgeBio\AForgeBio.csproj", "{3A6C4144-82B3-D087-189D-68CD8AB00502}"
EndProject
Global
	GlobalSection(SolutionConfigurationPlatforms) = preSolution
		Debug|Any CPU = Debug|Any CPU
		Release|Any CPU = Release|Any CPU
	EndGlobalSection
	GlobalSection(ProjectConfigurationPlatforms) = postSolution
		{F1EB355D-93D5-4B99-23EF-C9F615D01BD2}.Debug|Any CPU.ActiveCfg = Debug|Any CPU
		{F1EB355D-93D5-4B99-23EF-C9F615D01BD2}.Debug|Any CPU.Build.0 = Debug|Any CPU
		{F1EB355D-93D5-4B99-23EF-C9F615D01BD2}.Release|Any CPU.ActiveCfg = Release|Any CPU
		{F1EB355D-93D5-4B99-23EF-C9F615D01BD2}.Release|Any CPU.Build.0 = Release|Any CPU
		{9C3C491E-1FA5-65F8-8640-7E97C9AD71F9}.Debug|Any CPU.ActiveCfg = Debug|Any CPU
		{9C3C491E-1FA5-65F8-8640-7E97C9AD71F9}.Debug|Any CPU.Build.0 = Debug|Any CPU
		{9C3C491E-1FA5-65F8-8640-7E97C9AD71F9}.Release|Any CPU.ActiveCfg = Release|Any CPU
		{9C3C491E-1FA5-65F8-8640-7E97C9AD71F9}.Release|Any CPU.Build.0 = Release|Any CPU
		{1B81BEA2-7B70-EE95-C174-8D5904B57ADA}.Debug|Any CPU.ActiveCfg = Debug|Any CPU
		{1B81BEA2-7B70-EE95-C174-8D5904B57ADA}.Debug|Any CPU.Build.0 = Debug|Any CPU
		{1B81BEA2-7B70-EE95-C174-8D5904B57ADA}.Release|Any CPU.ActiveCfg = Release|Any CPU
		{1B81BEA2-7B70-EE95-C174-8D5904B57ADA}.Release|Any CPU.Build.0 = Release|Any CPU
		{926B4CE2-1796-C180-AAA2-C8C777EF7E0A}.Debug|Any CPU.ActiveCfg = Debug|Any CPU
		{926B4CE2-1796-C180-AAA2-C8C777EF7E0A}.Debug|Any CPU.Build.0 = Debug|Any CPU
		{926B4CE2-1796-C180-AAA2-C8C777EF7E0A}.Release|Any CPU.ActiveCfg = Release|Any CPU
		{926B4CE2-1796-C180-AAA2-C8C777EF7E0A}.Release|Any CPU.Build.0 = Release|Any CPU
		{3A6C4144-82B3-D087-189D-68CD8AB00502}.Debug|Any CPU.ActiveCfg = Debug|Any CPU
		{3A6C4144-82B3-D087-189D-68CD8AB00502}.Debug|Any CPU.Build.0 = Debug|Any CPU
		{3A6C4144-82B3-D087-189D-68CD8AB00502}.Release|Any CPU.ActiveCfg = Release|Any CPU
		{3A6C4144-82B3-D087-189D-68CD8AB00502}.Release|Any CPU.Build.0 = Release|Any CPU
	EndGlobalSection
	GlobalSection(SolutionProperties) = preSolution
		HideSolutionNode = FALSE
	EndGlobalSection
	GlobalSection(ExtensibilityGlobals) = postSolution
		SolutionGuid = {EDDD9F3A-01BB-437C-A1D6-176B5B43D4BB}
	EndGlobalSection
EndGlobal
